
Microsoft Visual Studio Solution File, Format Version 12.00
# Visual Studio Version 17
VisualStudioVersion = 17.4.33103.184
MinimumVisualStudioVersion = 10.0.40219.1
Project("{9A19103F-16F7-4668-BE54-9A1E7A4F7556}") = "SimpleTrader.Domain", "SimpleTrader.Domain\SimpleTrader.Domain.csproj", "{02C5D4F7-96B9-4471-A035-088F02C1415B}"
EndProject
Project("{9A19103F-16F7-4668-BE54-9A1E7A4F7556}") = "SimpleTrader.EntityFramework", "SimpleTrader.EntityFramework\SimpleTrader.EntityFramework.csproj", "{34D3FB7D-CD20-40A8-8692-69223D446839}"
EndProject
Project("{9A19103F-16F7-4668-BE54-9A1E7A4F7556}") = "SimpleTrader.WPF", "SimpleTrader.WPF\SimpleTrader.WPF.csproj", "{A1E0837C-C58B-4C31-9DC9-593BAE205281}"
EndProject
Project("{9A19103F-16F7-4668-BE54-9A1E7A4F7556}") = "SimpleTrader.FinancialModelingPrepAPI", "SimpleTrader.FinancialModelingPrepAPI\SimpleTrader.FinancialModelingPrepAPI.csproj", "{64C27FB6-A29E-42A9-8C54-9FE29C395564}"
EndProject
Project("{FAE04EC0-301F-11D3-BF4B-00C04F79EFBC}") = "SimpleTrader.Domain.Tests", "SimpleTrader.Domain.Tests\SimpleTrader.Domain.Tests.csproj", "{1A318F3F-20A7-465C-A780-CFE4F7BFBDFD}"
EndProject
Global
	GlobalSection(SolutionConfigurationPlatforms) = preSolution
		Debug|Any CPU = Debug|Any CPU
		Release|Any CPU = Release|Any CPU
	EndGlobalSection
	GlobalSection(ProjectConfigurationPlatforms) = postSolution
		{02C5D4F7-96B9-4471-A035-088F02C1415B}.Debug|Any CPU.ActiveCfg = Debug|Any CPU
		{02C5D4F7-96B9-4471-A035-088F02C1415B}.Debug|Any CPU.Build.0 = Debug|Any CPU
		{02C5D4F7-96B9-4471-A035-088F02C1415B}.Release|Any CPU.ActiveCfg = Release|Any CPU
		{02C5D4F7-96B9-4471-A035-088F02C1415B}.Release|Any CPU.Build.0 = Release|Any CPU
		{34D3FB7D-CD20-40A8-8692-69223D446839}.Debug|Any CPU.ActiveCfg = Debug|Any CPU
		{34D3FB7D-CD20-40A8-8692-69223D446839}.Debug|Any CPU.Build.0 = Debug|Any CPU
		{34D3FB7D-CD20-40A8-8692-69223D446839}.Release|Any CPU.ActiveCfg = Release|Any CPU
		{34D3FB7D-CD20-40A8-8692-69223D446839}.Release|Any CPU.Build.0 = Release|Any CPU
		{A1E0837C-C58B-4C31-9DC9-593BAE205281}.Debug|Any CPU.ActiveCfg = Debug|Any CPU
		{A1E0837C-C58B-4C31-9DC9-593BAE205281}.Debug|Any CPU.Build.0 = Debug|Any CPU
		{A1E0837C-C58B-4C31-9DC9-593BAE205281}.Release|Any CPU.ActiveCfg = Release|Any CPU
		{A1E0837C-C58B-4C31-9DC9-593BAE205281}.Release|Any CPU.Build.0 = Release|Any CPU
		{64C27FB6-A29E-42A9-8C54-9FE29C395564}.Debug|Any CPU.ActiveCfg = Debug|Any CPU
		{64C27FB6-A29E-42A9-8C54-9FE29C395564}.Debug|Any CPU.Build.0 = Debug|Any CPU
		{64C27FB6-A29E-42A9-8C54-9FE29C395564}.Release|Any CPU.ActiveCfg = Release|Any CPU
		{64C27FB6-A29E-42A9-8C54-9FE29C395564}.Release|Any CPU.Build.0 = Release|Any CPU
		{1A318F3F-20A7-465C-A780-CFE4F7BFBDFD}.Debug|Any CPU.ActiveCfg = Debug|Any CPU
		{1A318F3F-20A7-465C-A780-CFE4F7BFBDFD}.Debug|Any CPU.Build.0 = Debug|Any CPU
		{1A318F3F-20A7-465C-A780-CFE4F7BFBDFD}.Release|Any CPU.ActiveCfg = Release|Any CPU
		{1A318F3F-20A7-465C-A780-CFE4F7BFBDFD}.Release|Any CPU.Build.0 = Release|Any CPU
	EndGlobalSection
	GlobalSection(SolutionProperties) = preSolution
		HideSolutionNode = FALSE
	EndGlobalSection
	GlobalSection(ExtensibilityGlobals) = postSolution
		SolutionGuid = {9094FF6B-5EDE-4DD9-B123-CC08A2F41CA4}
	EndGlobalSection
EndGlobal
